// !$*UTF8*$!
{
	archiveVersion = 1;
	classes = {
	};
	objectVersion = 60;
	objects = {

/* Begin PBXBuildFile section */
		BC1DFDE72C5A4C5300002C53 /* AminationsUpdatedBootcampApp.swift in Sources */ = {isa = PBXBuildFile; fileRef = BC1DFDE62C5A4C5300002C53 /* AminationsUpdatedBootcampApp.swift */; };
		BC1DFDE92C5A4C5300002C53 /* ContentView.swift in Sources */ = {isa = PBXBuildFile; fileRef = BC1DFDE82C5A4C5300002C53 /* ContentView.swift */; };
		BC1DFDEB2C5A4C5500002C53 /* Assets.xcassets in Resources */ = {isa = PBXBuildFile; fileRef = BC1DFDEA2C5A4C5500002C53 /* Assets.xcassets */; };
		BC1DFDEE2C5A4C5500002C53 /* Preview Assets.xcassets in Resources */ = {isa = PBXBuildFile; fileRef = BC1DFDED2C5A4C5500002C53 /* Preview Assets.xcassets */; };
		BC1DFDF82C5A4C5500002C53 /* AminationsUpdatedBootcampTests.swift in Sources */ = {isa = PBXBuildFile; fileRef = BC1DFDF72C5A4C5500002C53 /* AminationsUpdatedBootcampTests.swift */; };
		BC1DFE022C5A4C5500002C53 /* AminationsUpdatedBootcampUITests.swift in Sources */ = {isa = PBXBuildFile; fileRef = BC1DFE012C5A4C5500002C53 /* AminationsUpdatedBootcampUITests.swift */; };
		BC1DFE042C5A4C5500002C53 /* AminationsUpdatedBootcampUITestsLaunchTests.swift in Sources */ = {isa = PBXBuildFile; fileRef = BC1DFE032C5A4C5500002C53 /* AminationsUpdatedBootcampUITestsLaunchTests.swift */; };
/* End PBXBuildFile section */

/* Begin PBXContainerItemProxy section */
		BC1DFDF42C5A4C5500002C53 /* PBXContainerItemProxy */ = {
			isa = PBXContainerItemProxy;
			containerPortal = BC1DFDDB2C5A4C5300002C53 /* Project object */;
			proxyType = 1;
			remoteGlobalIDString = BC1DFDE22C5A4C5300002C53;
			remoteInfo = AminationsUpdatedBootcamp;
		};
		BC1DFDFE2C5A4C5500002C53 /* PBXContainerItemProxy */ = {
			isa = PBXContainerItemProxy;
			containerPortal = BC1DFDDB2C5A4C5300002C53 /* Project object */;
			proxyType = 1;
			remoteGlobalIDString = BC1DFDE22C5A4C5300002C53;
			remoteInfo = AminationsUpdatedBootcamp;
		};
/* End PBXContainerItemProxy section */

/* Begin PBXFileReference section */
		BC1DFDE32C5A4C5300002C53 /* AminationsUpdatedBootcamp.app */ = {isa = PBXFileReference; explicitFileType = wrapper.application; includeInIndex = 0; path = AminationsUpdatedBootcamp.app; sourceTree = BUILT_PRODUCTS_DIR; };
		BC1DFDE62C5A4C5300002C53 /* AminationsUpdatedBootcampApp.swift */ = {isa = PBXFileReference; lastKnownFileType = sourcecode.swift; path = AminationsUpdatedBootcampApp.swift; sourceTree = "<group>"; };
		BC1DFDE82C5A4C5300002C53 /* ContentView.swift */ = {isa = PBXFileReference; lastKnownFileType = sourcecode.swift; path = ContentView.swift; sourceTree = "<group>"; };
		BC1DFDEA2C5A4C5500002C53 /* Assets.xcassets */ = {isa = PBXFileReference; lastKnownFileType = folder.assetcatalog; path = Assets.xcassets; sourceTree = "<group>"; };
		BC1DFDED2C5A4C5500002C53 /* Preview Assets.xcassets */ = {isa = PBXFileReference; lastKnownFileType = folder.assetcatalog; path = "Preview Assets.xcassets"; sourceTree = "<group>"; };
		BC1DFDF32C5A4C5500002C53 /* AminationsUpdatedBootcampTests.xctest */ = {isa = PBXFileReference; explicitFileType = wrapper.cfbundle; includeInIndex = 0; path = AminationsUpdatedBootcampTests.xctest; sourceTree = BUILT_PRODUCTS_DIR; };
		BC1DFDF72C5A4C5500002C53 /* AminationsUpdatedBootcampTests.swift */ = {isa = PBXFileReference; lastKnownFileType = sourcecode.swift; path = AminationsUpdatedBootcampTests.swift; sourceTree = "<group>"; };
		BC1DFDFD2C5A4C5500002C53 /* AminationsUpdatedBootcampUITests.xctest */ = {isa = PBXFileReference; explicitFileType = wrapper.cfbundle; includeInIndex = 0; path = AminationsUpdatedBootcampUITests.xctest; sourceTree = BUILT_PRODUCTS_DIR; };
		BC1DFE012C5A4C5500002C53 /* AminationsUpdatedBootcampUITests.swift */ = {isa = PBXFileReference; lastKnownFileType = sourcecode.swift; path = AminationsUpdatedBootcampUITests.swift; sourceTree = "<group>"; };
		BC1DFE032C5A4C5500002C53 /* AminationsUpdatedBootcampUITestsLaunchTests.swift */ = {isa = PBXFileReference; lastKnownFileType = sourcecode.swift; path = AminationsUpdatedBootcampUITestsLaunchTests.swift; sourceTree = "<group>"; };
/* End PBXFileReference section */

/* Begin PBXFrameworksBuildPhase section */
		BC1DFDE02C5A4C5300002C53 /* Frameworks */ = {
			isa = PBXFrameworksBuildPhase;
			buildActionMask = 2147483647;
			files = (
			);
			runOnlyForDeploymentPostprocessing = 0;
		};
		BC1DFDF02C5A4C5500002C53 /* Frameworks */ = {
			isa = PBXFrameworksBuildPhase;
			buildActionMask = 2147483647;
			files = (
			);
			runOnlyForDeploymentPostprocessing = 0;
		};
		BC1DFDFA2C5A4C5500002C53 /* Frameworks */ = {
			isa = PBXFrameworksBuildPhase;
			buildActionMask = 2147483647;
			files = (
			);
			runOnlyForDeploymentPostprocessing = 0;
		};
/* End PBXFrameworksBuildPhase section */

/* Begin PBXGroup section */
		BC1DFDDA2C5A4C5300002C53 = {
			isa = PBXGroup;
			children = (
				BC1DFDE52C5A4C5300002C53 /* AminationsUpdatedBootcamp */,
				BC1DFDF62C5A4C5500002C53 /* AminationsUpdatedBootcampTests */,
				BC1DFE002C5A4C5500002C53 /* AminationsUpdatedBootcampUITests */,
				BC1DFDE42C5A4C5300002C53 /* Products */,
			);
			sourceTree = "<group>";
		};
		BC1DFDE42C5A4C5300002C53 /* Products */ = {
			isa = PBXGroup;
			children = (
				BC1DFDE32C5A4C5300002C53 /* AminationsUpdatedBootcamp.app */,
				BC1DFDF32C5A4C5500002C53 /* AminationsUpdatedBootcampTests.xctest */,
				BC1DFDFD2C5A4C5500002C53 /* AminationsUpdatedBootcampUITests.xctest */,
			);
			name = Products;
			sourceTree = "<group>";
		};
		BC1DFDE52C5A4C5300002C53 /* AminationsUpdatedBootcamp */ = {
			isa = PBXGroup;
			children = (
				BC1DFDE62C5A4C5300002C53 /* AminationsUpdatedBootcampApp.swift */,
				BC1DFDE82C5A4C5300002C53 /* ContentView.swift */,
				BC1DFDEA2C5A4C5500002C53 /* Assets.xcassets */,
				BC1DFDEC2C5A4C5500002C53 /* Preview Content */,
			);
			path = AminationsUpdatedBootcamp;
			sourceTree = "<group>";
		};
		BC1DFDEC2C5A4C5500002C53 /* Preview Content */ = {
			isa = PBXGroup;
			children = (
				BC1DFDED2C5A4C5500002C53 /* Preview Assets.xcassets */,
			);
			path = "Preview Content";
			sourceTree = "<group>";
		};
		BC1DFDF62C5A4C5500002C53 /* AminationsUpdatedBootcampTests */ = {
			isa = PBXGroup;
			children = (
				BC1DFDF72C5A4C5500002C53 /* AminationsUpdatedBootcampTests.swift */,
			);
			path = AminationsUpdatedBootcampTests;
			sourceTree = "<group>";
		};
		BC1DFE002C5A4C5500002C53 /* AminationsUpdatedBootcampUITests */ = {
			isa = PBXGroup;
			children = (
				BC1DFE012C5A4C5500002C53 /* AminationsUpdatedBootcampUITests.swift */,
				BC1DFE032C5A4C5500002C53 /* AminationsUpdatedBootcampUITestsLaunchTests.swift */,
			);
			path = AminationsUpdatedBootcampUITests;
			sourceTree = "<group>";
		};
/* End PBXGroup section */

/* Begin PBXNativeTarget section */
		BC1DFDE22C5A4C5300002C53 /* AminationsUpdatedBootcamp */ = {
			isa = PBXNativeTarget;
			buildConfigurationList = BC1DFE072C5A4C5500002C53 /* Build configuration list for PBXNativeTarget "AminationsUpdatedBootcamp" */;
			buildPhases = (
				BC1DFDDF2C5A4C5300002C53 /* Sources */,
				BC1DFDE02C5A4C5300002C53 /* Frameworks */,
				BC1DFDE12C5A4C5300002C53 /* Resources */,
			);
			buildRules = (
			);
			dependencies = (
			);
			name = AminationsUpdatedBootcamp;
			productName = AminationsUpdatedBootcamp;
			productReference = BC1DFDE32C5A4C5300002C53 /* AminationsUpdatedBootcamp.app */;
			productType = "com.apple.product-type.application";
		};
		BC1DFDF22C5A4C5500002C53 /* AminationsUpdatedBootcampTests */ = {
			isa = PBXNativeTarget;
			buildConfigurationList = BC1DFE0A2C5A4C5500002C53 /* Build configuration list for PBXNativeTarget "AminationsUpdatedBootcampTests" */;
			buildPhases = (
				BC1DFDEF2C5A4C5500002C53 /* Sources */,
				BC1DFDF02C5A4C5500002C53 /* Frameworks */,
				BC1DFDF12C5A4C5500002C53 /* Resources */,
			);
			buildRules = (
			);
			dependencies = (
				BC1DFDF52C5A4C5500002C53 /* PBXTargetDependency */,
			);
			name = AminationsUpdatedBootcampTests;
			productName = AminationsUpdatedBootcampTests;
			productReference = BC1DFDF32C5A4C5500002C53 /* AminationsUpdatedBootcampTests.xctest */;
			productType = "com.apple.product-type.bundle.unit-test";
		};
		BC1DFDFC2C5A4C5500002C53 /* AminationsUpdatedBootcampUITests */ = {
			isa = PBXNativeTarget;
			buildConfigurationList = BC1DFE0D2C5A4C5500002C53 /* Build configuration list for PBXNativeTarget "AminationsUpdatedBootcampUITests" */;
			buildPhases = (
				BC1DFDF92C5A4C5500002C53 /* Sources */,
				BC1DFDFA2C5A4C5500002C53 /* Frameworks */,
				BC1DFDFB2C5A4C5500002C53 /* Resources */,
			);
			buildRules = (
			);
			dependencies = (
				BC1DFDFF2C5A4C5500002C53 /* PBXTargetDependency */,
			);
			name = AminationsUpdatedBootcampUITests;
			productName = AminationsUpdatedBootcampUITests;
			productReference = BC1DFDFD2C5A4C5500002C53 /* AminationsUpdatedBootcampUITests.xctest */;
			productType = "com.apple.product-type.bundle.ui-testing";
		};
/* End PBXNativeTarget section */

/* Begin PBXProject section */
		BC1DFDDB2C5A4C5300002C53 /* Project object */ = {
			isa = PBXProject;
			attributes = {
				BuildIndependentTargetsInParallel = 1;
				LastSwiftUpdateCheck = 1600;
				LastUpgradeCheck = 1600;
				TargetAttributes = {
					BC1DFDE22C5A4C5300002C53 = {
						CreatedOnToolsVersion = 16.0;
					};
					BC1DFDF22C5A4C5500002C53 = {
						CreatedOnToolsVersion = 16.0;
						TestTargetID = BC1DFDE22C5A4C5300002C53;
					};
					BC1DFDFC2C5A4C5500002C53 = {
						CreatedOnToolsVersion = 16.0;
						TestTargetID = BC1DFDE22C5A4C5300002C53;
					};
				};
			};
			buildConfigurationList = BC1DFDDE2C5A4C5300002C53 /* Build configuration list for PBXProject "AminationsUpdatedBootcamp" */;
			compatibilityVersion = "Xcode 15.0";
			developmentRegion = en;
			hasScannedForEncodings = 0;
			knownRegions = (
				en,
				Base,
			);
			mainGroup = BC1DFDDA2C5A4C5300002C53;
			productRefGroup = BC1DFDE42C5A4C5300002C53 /* Products */;
			projectDirPath = "";
			projectRoot = "";
			targets = (
				BC1DFDE22C5A4C5300002C53 /* AminationsUpdatedBootcamp */,
				BC1DFDF22C5A4C5500002C53 /* AminationsUpdatedBootcampTests */,
				BC1DFDFC2C5A4C5500002C53 /* AminationsUpdatedBootcampUITests */,
			);
		};
/* End PBXProject section */

/* Begin PBXResourcesBuildPhase section */
		BC1DFDE12C5A4C5300002C53 /* Resources */ = {
			isa = PBXResourcesBuildPhase;
			buildActionMask = 2147483647;
			files = (
				BC1DFDEE2C5A4C5500002C53 /* Preview Assets.xcassets in Resources */,
				BC1DFDEB2C5A4C5500002C53 /* Assets.xcassets in Resources */,
			);
			runOnlyForDeploymentPostprocessing = 0;
		};
		BC1DFDF12C5A4C5500002C53 /* Resources */ = {
			isa = PBXResourcesBuildPhase;
			buildActionMask = 2147483647;
			files = (
			);
			runOnlyForDeploymentPostprocessing = 0;
		};
		BC1DFDFB2C5A4C5500002C53 /* Resources */ = {
			isa = PBXResourcesBuildPhase;
			buildActionMask = 2147483647;
			files = (
			);
			runOnlyForDeploymentPostprocessing = 0;
		};
/* End PBXResourcesBuildPhase section */

/* Begin PBXSourcesBuildPhase section */
		BC1DFDDF2C5A4C5300002C53 /* Sources */ = {
			isa = PBXSourcesBuildPhase;
			buildActionMask = 2147483647;
			files = (
				BC1DFDE92C5A4C5300002C53 /* ContentView.swift in Sources */,
				BC1DFDE72C5A4C5300002C53 /* AminationsUpdatedBootcampApp.swift in Sources */,
			);
			runOnlyForDeploymentPostprocessing = 0;
		};
		BC1DFDEF2C5A4C5500002C53 /* Sources */ = {
			isa = PBXSourcesBuildPhase;
			buildActionMask = 2147483647;
			files = (
				BC1DFDF82C5A4C5500002C53 /* AminationsUpdatedBootcampTests.swift in Sources */,
			);
			runOnlyForDeploymentPostprocessing = 0;
		};
		BC1DFDF92C5A4C5500002C53 /* Sources */ = {
			isa = PBXSourcesBuildPhase;
			buildActionMask = 2147483647;
			files = (
				BC1DFE042C5A4C5500002C53 /* AminationsUpdatedBootcampUITestsLaunchTests.swift in Sources */,
				BC1DFE022C5A4C5500002C53 /* AminationsUpdatedBootcampUITests.swift in Sources */,
			);
			runOnlyForDeploymentPostprocessing = 0;
		};
/* End PBXSourcesBuildPhase section */

/* Begin PBXTargetDependency section */
		BC1DFDF52C5A4C5500002C53 /* PBXTargetDependency */ = {
			isa = PBXTargetDependency;
			target = BC1DFDE22C5A4C5300002C53 /* AminationsUpdatedBootcamp */;
			targetProxy = BC1DFDF42C5A4C5500002C53 /* PBXContainerItemProxy */;
		};
		BC1DFDFF2C5A4C5500002C53 /* PBXTargetDependency */ = {
			isa = PBXTargetDependency;
			target = BC1DFDE22C5A4C5300002C53 /* AminationsUpdatedBootcamp */;
			targetProxy = BC1DFDFE2C5A4C5500002C53 /* PBXContainerItemProxy */;
		};
/* End PBXTargetDependency section */

/* Begin XCBuildConfiguration section */
		BC1DFE052C5A4C5500002C53 /* Debug */ = {
			isa = XCBuildConfiguration;
			buildSettings = {
				ALWAYS_SEARCH_USER_PATHS = NO;
				ASSETCATALOG_COMPILER_GENERATE_SWIFT_ASSET_SYMBOL_EXTENSIONS = YES;
				CLANG_ANALYZER_NONNULL = YES;
				CLANG_ANALYZER_NUMBER_OBJECT_CONVERSION = YES_AGGRESSIVE;
				CLANG_CXX_LANGUAGE_STANDARD = "gnu++20";
				CLANG_ENABLE_MODULES = YES;
				CLANG_ENABLE_OBJC_ARC = YES;
				CLANG_ENABLE_OBJC_WEAK = YES;
				CLANG_WARN_BLOCK_CAPTURE_AUTORELEASING = YES;
				CLANG_WARN_BOOL_CONVERSION = YES;
				CLANG_WARN_COMMA = YES;
				CLANG_WARN_CONSTANT_CONVERSION = YES;
				CLANG_WARN_DEPRECATED_OBJC_IMPLEMENTATIONS = YES;
				CLANG_WARN_DIRECT_OBJC_ISA_USAGE = YES_ERROR;
				CLANG_WARN_DOCUMENTATION_COMMENTS = YES;
				CLANG_WARN_EMPTY_BODY = YES;
				CLANG_WARN_ENUM_CONVERSION = YES;
				CLANG_WARN_INFINITE_RECURSION = YES;
				CLANG_WARN_INT_CONVERSION = YES;
				CLANG_WARN_NON_LITERAL_NULL_CONVERSION = YES;
				CLANG_WARN_OBJC_IMPLICIT_RETAIN_SELF = YES;
				CLANG_WARN_OBJC_LITERAL_CONVERSION = YES;
				CLANG_WARN_OBJC_ROOT_CLASS = YES_ERROR;
				CLANG_WARN_QUOTED_INCLUDE_IN_FRAMEWORK_HEADER = YES;
				CLANG_WARN_RANGE_LOOP_ANALYSIS = YES;
				CLANG_WARN_STRICT_PROTOTYPES = YES;
				CLANG_WARN_SUSPICIOUS_MOVE = YES;
				CLANG_WARN_UNGUARDED_AVAILABILITY = YES_AGGRESSIVE;
				CLANG_WARN_UNREACHABLE_CODE = YES;
				CLANG_WARN__DUPLICATE_METHOD_MATCH = YES;
				COPY_PHASE_STRIP = NO;
				DEBUG_INFORMATION_FORMAT = dwarf;
				ENABLE_STRICT_OBJC_MSGSEND = YES;
				ENABLE_TESTABILITY = YES;
				ENABLE_USER_SCRIPT_SANDBOXING = YES;
				GCC_C_LANGUAGE_STANDARD = gnu17;
				GCC_DYNAMIC_NO_PIC = NO;
				GCC_NO_COMMON_BLOCKS = YES;
				GCC_OPTIMIZATION_LEVEL = 0;
				GCC_PREPROCESSOR_DEFINITIONS = (
					"DEBUG=1",
					"$(inherited)",
				);
				GCC_WARN_64_TO_32_BIT_CONVERSION = YES;
				GCC_WARN_ABOUT_RETURN_TYPE = YES_ERROR;
				GCC_WARN_UNDECLARED_SELECTOR = YES;
				GCC_WARN_UNINITIALIZED_AUTOS = YES_AGGRESSIVE;
				GCC_WARN_UNUSED_FUNCTION = YES;
				GCC_WARN_UNUSED_VARIABLE = YES;
				IPHONEOS_DEPLOYMENT_TARGET = 18.0;
				LOCALIZATION_PREFERS_STRING_CATALOGS = YES;
				MTL_ENABLE_DEBUG_INFO = INCLUDE_SOURCE;
				MTL_FAST_MATH = YES;
				ONLY_ACTIVE_ARCH = YES;
				SDKROOT = iphoneos;
				SWIFT_ACTIVE_COMPILATION_CONDITIONS = "DEBUG $(inherited)";
				SWIFT_OPTIMIZATION_LEVEL = "-Onone";
			};
			name = Debug;
		};
		BC1DFE062C5A4C5500002C53 /* Release */ = {
			isa = XCBuildConfiguration;
			buildSettings = {
				ALWAYS_SEARCH_USER_PATHS = NO;
				ASSETCATALOG_COMPILER_GENERATE_SWIFT_ASSET_SYMBOL_EXTENSIONS = YES;
				CLANG_ANALYZER_NONNULL = YES;
				CLANG_ANALYZER_NUMBER_OBJECT_CONVERSION = YES_AGGRESSIVE;
				CLANG_CXX_LANGUAGE_STANDARD = "gnu++20";
				CLANG_ENABLE_MODULES = YES;
				CLANG_ENABLE_OBJC_ARC = YES;
				CLANG_ENABLE_OBJC_WEAK = YES;
				CLANG_WARN_BLOCK_CAPTURE_AUTORELEASING = YES;
				CLANG_WARN_BOOL_CONVERSION = YES;
				CLANG_WARN_COMMA = YES;
				CLANG_WARN_CONSTANT_CONVERSION = YES;
				CLANG_WARN_DEPRECATED_OBJC_IMPLEMENTATIONS = YES;
				CLANG_WARN_DIRECT_OBJC_ISA_USAGE = YES_ERROR;
				CLANG_WARN_DOCUMENTATION_COMMENTS = YES;
				CLANG_WARN_EMPTY_BODY = YES;
				CLANG_WARN_ENUM_CONVERSION = YES;
				CLANG_WARN_INFINITE_RECURSION = YES;
				CLANG_WARN_INT_CONVERSION = YES;
				CLANG_WARN_NON_LITERAL_NULL_CONVERSION = YES;
				CLANG_WARN_OBJC_IMPLICIT_RETAIN_SELF = YES;
				CLANG_WARN_OBJC_LITERAL_CONVERSION = YES;
				CLANG_WARN_OBJC_ROOT_CLASS = YES_ERROR;
				CLANG_WARN_QUOTED_INCLUDE_IN_FRAMEWORK_HEADER = YES;
				CLANG_WARN_RANGE_LOOP_ANALYSIS = YES;
				CLANG_WARN_STRICT_PROTOTYPES = YES;
				CLANG_WARN_SUSPICIOUS_MOVE = YES;
				CLANG_WARN_UNGUARDED_AVAILABILITY = YES_AGGRESSIVE;
				CLANG_WARN_UNREACHABLE_CODE = YES;
				CLANG_WARN__DUPLICATE_METHOD_MATCH = YES;
				COPY_PHASE_STRIP = NO;
				DEBUG_INFORMATION_FORMAT = "dwarf-with-dsym";
				ENABLE_NS_ASSERTIONS = NO;
				ENABLE_STRICT_OBJC_MSGSEND = YES;
				ENABLE_USER_SCRIPT_SANDBOXING = YES;
				GCC_C_LANGUAGE_STANDARD = gnu17;
				GCC_NO_COMMON_BLOCKS = YES;
				GCC_WARN_64_TO_32_BIT_CONVERSION = YES;
				GCC_WARN_ABOUT_RETURN_TYPE = YES_ERROR;
				GCC_WARN_UNDECLARED_SELECTOR = YES;
				GCC_WARN_UNINITIALIZED_AUTOS = YES_AGGRESSIVE;
				GCC_WARN_UNUSED_FUNCTION = YES;
				GCC_WARN_UNUSED_VARIABLE = YES;
				IPHONEOS_DEPLOYMENT_TARGET = 18.0;
				LOCALIZATION_PREFERS_STRING_CATALOGS = YES;
				MTL_ENABLE_DEBUG_INFO = NO;
				MTL_FAST_MATH = YES;
				SDKROOT = iphoneos;
				SWIFT_COMPILATION_MODE = wholemodule;
				VALIDATE_PRODUCT = YES;
			};
			name = Release;
		};
		BC1DFE082C5A4C5500002C53 /* Debug */ = {
			isa = XCBuildConfiguration;
			buildSettings = {
				ASSETCATALOG_COMPILER_APPICON_NAME = AppIcon;
				ASSETCATALOG_COMPILER_GLOBAL_ACCENT_COLOR_NAME = AccentColor;
				CODE_SIGN_STYLE = Automatic;
				CURRENT_PROJECT_VERSION = 1;
				DEVELOPMENT_ASSET_PATHS = "\"AminationsUpdatedBootcamp/Preview Content\"";
				DEVELOPMENT_TEAM = HB6A27M96F;
				ENABLE_PREVIEWS = YES;
				GENERATE_INFOPLIST_FILE = YES;
				INFOPLIST_KEY_UIApplicationSceneManifest_Generation = YES;
				INFOPLIST_KEY_UIApplicationSupportsIndirectInputEvents = YES;
				INFOPLIST_KEY_UILaunchScreen_Generation = YES;
				INFOPLIST_KEY_UISupportedInterfaceOrientations_iPad = "UIInterfaceOrientationPortrait UIInterfaceOrientationPortraitUpsideDown UIInterfaceOrientationLandscapeLeft UIInterfaceOrientationLandscapeRight";
				INFOPLIST_KEY_UISupportedInterfaceOrientations_iPhone = "UIInterfaceOrientationPortrait UIInterfaceOrientationLandscapeLeft UIInterfaceOrientationLandscapeRight";
				LD_RUNPATH_SEARCH_PATHS = (
					"$(inherited)",
					"@executable_path/Frameworks",
				);
				MARKETING_VERSION = 1.0;
				PRODUCT_BUNDLE_IDENTIFIER = com.Rubban.AminationsUpdatedBootcamp;
				PRODUCT_NAME = "$(TARGET_NAME)";
				SWIFT_EMIT_LOC_STRINGS = YES;
				SWIFT_VERSION = 5.0;
				TARGETED_DEVICE_FAMILY = "1,2";
			};
			name = Debug;
		};
		BC1DFE092C5A4C5500002C53 /* Release */ = {
			isa = XCBuildConfiguration;
			buildSettings = {
				ASSETCATALOG_COMPILER_APPICON_NAME = AppIcon;
				ASSETCATALOG_COMPILER_GLOBAL_ACCENT_COLOR_NAME = AccentColor;
				CODE_SIGN_STYLE = Automatic;
				CURRENT_PROJECT_VERSION = 1;
				DEVELOPMENT_ASSET_PATHS = "\"AminationsUpdatedBootcamp/Preview Content\"";
				DEVELOPMENT_TEAM = HB6A27M96F;
				ENABLE_PREVIEWS = YES;
				GENERATE_INFOPLIST_FILE = YES;
				INFOPLIST_KEY_UIApplicationSceneManifest_Generation = YES;
				INFOPLIST_KEY_UIApplicationSupportsIndirectInputEvents = YES;
				INFOPLIST_KEY_UILaunchScreen_Generation = YES;
				INFOPLIST_KEY_UISupportedInterfaceOrientations_iPad = "UIInterfaceOrientationPortrait UIInterfaceOrientationPortraitUpsideDown UIInterfaceOrientationLandscapeLeft UIInterfaceOrientationLandscapeRight";
				INFOPLIST_KEY_UISupportedInterfaceOrientations_iPhone = "UIInterfaceOrientationPortrait UIInterfaceOrientationLandscapeLeft UIInterfaceOrientationLandscapeRight";
				LD_RUNPATH_SEARCH_PATHS = (
					"$(inherited)",
					"@executable_path/Frameworks",
				);
				MARKETING_VERSION = 1.0;
				PRODUCT_BUNDLE_IDENTIFIER = com.Rubban.AminationsUpdatedBootcamp;
				PRODUCT_NAME = "$(TARGET_NAME)";
				SWIFT_EMIT_LOC_STRINGS = YES;
				SWIFT_VERSION = 5.0;
				TARGETED_DEVICE_FAMILY = "1,2";
			};
			name = Release;
		};
		BC1DFE0B2C5A4C5500002C53 /* Debug */ = {
			isa = XCBuildConfiguration;
			buildSettings = {
				BUNDLE_LOADER = "$(TEST_HOST)";
				CODE_SIGN_STYLE = Automatic;
				CURRENT_PROJECT_VERSION = 1;
				DEVELOPMENT_TEAM = HB6A27M96F;
				GENERATE_INFOPLIST_FILE = YES;
				IPHONEOS_DEPLOYMENT_TARGET = 18.0;
				MARKETING_VERSION = 1.0;
				PRODUCT_BUNDLE_IDENTIFIER = com.Rubban.AminationsUpdatedBootcampTests;
				PRODUCT_NAME = "$(TARGET_NAME)";
				SWIFT_EMIT_LOC_STRINGS = NO;
				SWIFT_VERSION = 5.0;
				TARGETED_DEVICE_FAMILY = "1,2";
				TEST_HOST = "$(BUILT_PRODUCTS_DIR)/AminationsUpdatedBootcamp.app/$(BUNDLE_EXECUTABLE_FOLDER_PATH)/AminationsUpdatedBootcamp";
			};
			name = Debug;
		};
		BC1DFE0C2C5A4C5500002C53 /* Release */ = {
			isa = XCBuildConfiguration;
			buildSettings = {
				BUNDLE_LOADER = "$(TEST_HOST)";
				CODE_SIGN_STYLE = Automatic;
				CURRENT_PROJECT_VERSION = 1;
				DEVELOPMENT_TEAM = HB6A27M96F;
				GENERATE_INFOPLIST_FILE = YES;
				IPHONEOS_DEPLOYMENT_TARGET = 18.0;
				MARKETING_VERSION = 1.0;
				PRODUCT_BUNDLE_IDENTIFIER = com.Rubban.AminationsUpdatedBootcampTests;
				PRODUCT_NAME = "$(TARGET_NAME)";
				SWIFT_EMIT_LOC_STRINGS = NO;
				SWIFT_VERSION = 5.0;
				TARGETED_DEVICE_FAMILY = "1,2";
				TEST_HOST = "$(BUILT_PRODUCTS_DIR)/AminationsUpdatedBootcamp.app/$(BUNDLE_EXECUTABLE_FOLDER_PATH)/AminationsUpdatedBootcamp";
			};
			name = Release;
		};
		BC1DFE0E2C5A4C5500002C53 /* Debug */ = {
			isa = XCBuildConfiguration;
			buildSettings = {
				CODE_SIGN_STYLE = Automatic;
				CURRENT_PROJECT_VERSION = 1;
				DEVELOPMENT_TEAM = HB6A27M96F;
				GENERATE_INFOPLIST_FILE = YES;
				MARKETING_VERSION = 1.0;
				PRODUCT_BUNDLE_IDENTIFIER = com.Rubban.AminationsUpdatedBootcampUITests;
				PRODUCT_NAME = "$(TARGET_NAME)";
				SWIFT_EMIT_LOC_STRINGS = NO;
				SWIFT_VERSION = 5.0;
				TARGETED_DEVICE_FAMILY = "1,2";
				TEST_TARGET_NAME = AminationsUpdatedBootcamp;
			};
			name = Debug;
		};
		BC1DFE0F2C5A4C5500002C53 /* Release */ = {
			isa = XCBuildConfiguration;
			buildSettings = {
				CODE_SIGN_STYLE = Automatic;
				CURRENT_PROJECT_VERSION = 1;
				DEVELOPMENT_TEAM = HB6A27M96F;
				GENERATE_INFOPLIST_FILE = YES;
				MARKETING_VERSION = 1.0;
				PRODUCT_BUNDLE_IDENTIFIER = com.Rubban.AminationsUpdatedBootcampUITests;
				PRODUCT_NAME = "$(TARGET_NAME)";
				SWIFT_EMIT_LOC_STRINGS = NO;
				SWIFT_VERSION = 5.0;
				TARGETED_DEVICE_FAMILY = "1,2";
				TEST_TARGET_NAME = AminationsUpdatedBootcamp;
			};
			name = Release;
		};
/* End XCBuildConfiguration section */

/* Begin XCConfigurationList section */
		BC1DFDDE2C5A4C5300002C53 /* Build configuration list for PBXProject "AminationsUpdatedBootcamp" */ = {
			isa = XCConfigurationList;
			buildConfigurations = (
				BC1DFE052C5A4C5500002C53 /* Debug */,
				BC1DFE062C5A4C5500002C53 /* Release */,
			);
			defaultConfigurationIsVisible = 0;
			defaultConfigurationName = Release;
		};
		BC1DFE072C5A4C5500002C53 /* Build configuration list for PBXNativeTarget "AminationsUpdatedBootcamp" */ = {
			isa = XCConfigurationList;
			buildConfigurations = (
				BC1DFE082C5A4C5500002C53 /* Debug */,
				BC1DFE092C5A4C5500002C53 /* Release */,
			);
			defaultConfigurationIsVisible = 0;
			defaultConfigurationName = Release;
		};
		BC1DFE0A2C5A4C5500002C53 /* Build configuration list for PBXNativeTarget "AminationsUpdatedBootcampTests" */ = {
			isa = XCConfigurationList;
			buildConfigurations = (
				BC1DFE0B2C5A4C5500002C53 /* Debug */,
				BC1DFE0C2C5A4C5500002C53 /* Release */,
			);
			defaultConfigurationIsVisible = 0;
			defaultConfigurationName = Release;
		};
		BC1DFE0D2C5A4C5500002C53 /* Build configuration list for PBXNativeTarget "AminationsUpdatedBootcampUITests" */ = {
			isa = XCConfigurationList;
			buildConfigurations = (
				BC1DFE0E2C5A4C5500002C53 /* Debug */,
				BC1DFE0F2C5A4C5500002C53 /* Release */,
			);
			defaultConfigurationIsVisible = 0;
			defaultConfigurationName = Release;
		};
/* End XCConfigurationList section */
	};
	rootObject = BC1DFDDB2C5A4C5300002C53 /* Project object */;
}
